
Microsoft Visual Studio Solution File, Format Version 12.00
# Visual Studio Version 17
VisualStudioVersion = 17.0.31903.59
MinimumVisualStudioVersion = 10.0.40219.1
Project("{FAE04EC0-301F-11D3-BF4B-00C04F79EFBC}") = "SkillsManager", "SkillsManager.csproj", "{7B1F4E7D-9C2A-4A31-8F5E-3D6B0A9C21E4}"
EndProject
Project("{FAE04EC0-301F-11D3-BF4B-00C04F79EFBC}") = "SkillsManager.Core", "SkillsManager.Core\SkillsManager.Core.csproj", "{5A2CA8D1-5C3B-4668-B940-74F81CE3B10E}"
EndProject
Project("{FAE04EC0-301F-11D3-BF4B-00C04F79EFBC}") = "SkillsManager.Core.Tests", "SkillsManager.Core.Tests\SkillsManager.Core.Tests.csproj", "{AE5770AD-496D-49CC-A955-2EDC721B6B35}"
EndProject
Global
	GlobalSection(SolutionConfigurationPlatforms) = preSolution
		Debug|Any CPU = Debug|Any CPU
		Release|Any CPU = Release|Any CPU
	EndGlobalSection
	GlobalSection(SolutionProperties) = preSolution
		HideSolutionNode = FALSE
	EndGlobalSection
	GlobalSection(ProjectConfigurationPlatforms) = postSolution
		{7B1F4E7D-9C2A-4A31-8F5E-3D6B0A9C21E4}.Debug|Any CPU.ActiveCfg = Debug|Any CPU
		{7B1F4E7D-9C2A-4A31-8F5E-3D6B0A9C21E4}.Debug|Any CPU.Build.0 = Debug|Any CPU
		{7B1F4E7D-9C2A-4A31-8F5E-3D6B0A9C21E4}.Release|Any CPU.ActiveCfg = Release|Any CPU
		{7B1F4E7D-9C2A-4A31-8F5E-3D6B0A9C21E4}.Release|Any CPU.Build.0 = Release|Any CPU
		{5A2CA8D1-5C3B-4668-B940-74F81CE3B10E}.Debug|Any CPU.ActiveCfg = Debug|Any CPU
		{5A2CA8D1-5C3B-4668-B940-74F81CE3B10E}.Debug|Any CPU.Build.0 = Debug|Any CPU
		{5A2CA8D1-5C3B-4668-B940-74F81CE3B10E}.Release|Any CPU.ActiveCfg = Release|Any CPU
		{5A2CA8D1-5C3B-4668-B940-74F81CE3B10E}.Release|Any CPU.Build.0 = Release|Any CPU
		{AE5770AD-496D-49CC-A955-2EDC721B6B35}.Debug|Any CPU.ActiveCfg = Debug|Any CPU
		{AE5770AD-496D-49CC-A955-2EDC721B6B35}.Debug|Any CPU.Build.0 = Debug|Any CPU
		{AE5770AD-496D-49CC-A955-2EDC721B6B35}.Release|Any CPU.ActiveCfg = Release|Any CPU
		{AE5770AD-496D-49CC-A955-2EDC721B6B35}.Release|Any CPU.Build.0 = Release|Any CPU
	EndGlobalSection
EndGlobal
